version = 1
revision = 3
requires-python = ">=3.14"

[[package]]
name = "greenlet"
version = "3.5.4"
source = { registry = "https://pypi.org/simple" }
sdist = { url = "https://files.pythonhosted.org/packages/a3/74/b13368064b09053253555d3f2839cc2684d22d5aed0d2ccffbf7a6736558/greenlet-3.5.4.tar.gz", hash = "sha256:0232ae1de90a8e07867bb127d7a6ba2301e859145489f25cda8a6096dabe1d20", size = 206538, upload-time = "2026-07-22T12:47:14.468Z" }
wheels = [
    { url = "https://files.pythonhosted.org/packages/a5/a7/6ab1d4f9cd548d15ab90da29947f2076100130bb179b0bde59f795a459e3/greenlet-3.5.4-cp314-cp314-macosx_11_0_universal2.whl", hash = "sha256:7e8afa5eac028f8140ceafe5ceec66e6aa127ddcb21452d2a564dcd2900b5f22", size = 295410, upload-time = "2026-07-22T11:40:35.747Z" },
    { url = "https://files.pythonhosted.org/packages/cd/7a/422f63b4715cbc0b24385305407adf38b48f6bb68b3e6b04090e994d0f5a/greenlet-3.5.4-cp314-cp314-manylinux_2_24_aarch64.manylinux_2_28_aarch64.whl", hash = "sha256:73b37afe369021423ea53dd3123e04bffa7e93ac64429b9f50835b2e4fcae7cf", size = 661286, upload-time = "2026-07-22T12:26:43.8Z" },
    { url = "https://files.pythonhosted.org/packages/d0/31/5a1cac663bf5582190c5a714ef81364f03cde232227f39748f8ae4c11da5/greenlet-3.5.4-cp314-cp314-manylinux_2_24_ppc64le.manylinux_2_28_ppc64le.whl", hash = "sha256:3ef964f56dfcb6f9bbef2a190d9126795eac408716aeae47b5e7c73c32aafca9", size = 673517, upload-time = "2026-07-22T12:29:04.815Z" },
    { url = "https://files.pythonhosted.org/packages/9c/bf/250c2921c7b585dde12f5239e313ca2dcbc464d161ecca36e4e6ef21762d/greenlet-3.5.4-cp314-cp314-manylinux_2_24_s390x.manylinux_2_28_s390x.whl", hash = "sha256:cef589bc65fae02d10bca2ac341191c5b33acc2967892ebf4fcbd10eabb7a74c", size = 677968, upload-time = "2026-07-22T12:43:46.788Z" },
    { url = "https://files.pythonhosted.org/packages/15/4a/2a82a1e3f8aaca020853ac8d12211280ca2b231aa08ea39f636f1060c319/greenlet-3.5.4-cp314-cp314-manylinux_2_24_x86_64.manylinux_2_28_x86_64.whl", hash = "sha256:9c53ff01a5c53a40f2c16820ebc56d7c61a77f5fbe009dadd96292d5682f80f8", size = 670917, upload-time = "2026-07-22T11:51:13.589Z" },
    { url = "https://files.pythonhosted.org/packages/18/40/10bfcf6513558d82f7b95dd728001c63bd388259fe27d3e30ae01f103430/greenlet-3.5.4-cp314-cp314-manylinux_2_39_riscv64.whl", hash = "sha256:dfc41ae893d9ceaf22c824f2153a88b30651b20e8758c2cd9ac143f23640563c", size = 480643, upload-time = "2026-07-22T12:39:54.149Z" },
    { url = "https://files.pythonhosted.org/packages/68/b0/e379a152b17bfdfa95795af4049e37c0fd1b4d81f020d426db104ed07c77/greenlet-3.5.4-cp314-cp314-musllinux_1_2_aarch64.whl", hash = "sha256:ecca4d80d55a01ad6b23b33262662956149fbb7b2c6be2910f1705921958cbf3", size = 1628478, upload-time = "2026-07-22T12:25:06.678Z" },
    { url = "https://files.pythonhosted.org/packages/5e/43/bffdfa64f7317f954c5c1230b5dd5922676ce198689a68c1ac1ed4b1b1a5/greenlet-3.5.4-cp314-cp314-musllinux_1_2_x86_64.whl", hash = "sha256:2ffbc533e0eaf8e80d8471411646ab88fe58f641d508c0b02b24494479f4d9ec", size = 1692021, upload-time = "2026-07-22T11:51:17.008Z" },
    { url = "https://files.pythonhosted.org/packages/d0/11/f799f9637e2c6e9b0b716015e339040598b058cf7654dfc0d67468b177ed/greenlet-3.5.4-cp314-cp314-win_amd64.whl", hash = "sha256:305f69e6c4523d7f6979ed001cff4e5853c063e5da04880296603aa0227e544c", size = 248031, upload-time = "2026-07-22T11:40:11.007Z" },
    { url = "https://files.pythonhosted.org/packages/05/75/625bcdd74d5e6b2dca1ecba3c3ac77bcf8a026c21a649a46cef23e421f97/greenlet-3.5.4-cp314-cp314-win_arm64.whl", hash = "sha256:f260930bbbbcf9caee661211235a5111c86dfe5832fdf6ae4570da1e0995320f", size = 246892, upload-time = "2026-07-22T11:40:27.357Z" },
    { url = "https://files.pythonhosted.org/packages/ec/69/35c62ed49c320cb4d98e14698ccca5467d3bfe683984172be9cb564d9ce3/greenlet-3.5.4-cp314-cp314t-macosx_11_0_universal2.whl", hash = "sha256:41ddab54e4b238f4a6c323f39b4e59e176affd5a94d461a9fb7583dac74240a3", size = 305571, upload-time = "2026-07-22T11:40:31.659Z" },
    { url = "https://files.pythonhosted.org/packages/5b/6c/64d60216b3640dcb0b62d913dd9e0d80030c09115bb2e4ba70c95d10ca45/greenlet-3.5.4-cp314-cp314t-manylinux_2_24_aarch64.manylinux_2_28_aarch64.whl", hash = "sha256:b3dabe3e2809013052c68bdf0b7fa5f5f2859c43a80803131ad61af9cabd7867", size = 672568, upload-time = "2026-07-22T12:26:45.298Z" },
    { url = "https://files.pythonhosted.org/packages/5c/de/ba3ab0a96292e53039530333b0d2ae18d9e508f3a325cd7bf15f8172944c/greenlet-3.5.4-cp314-cp314t-manylinux_2_24_ppc64le.manylinux_2_28_ppc64le.whl", hash = "sha256:27d3f00718634d4520a3a150154ac5da36f257869d41321953375b90bfbbc72c", size = 680076, upload-time = "2026-07-22T12:29:06.125Z" },
    { url = "https://files.pythonhosted.org/packages/ae/db/24a10af12bf8e639cec46c38b9ce1a282543ba42ff4fb0b31a970f1ab603/greenlet-3.5.4-cp314-cp314t-manylinux_2_24_s390x.manylinux_2_28_s390x.whl", hash = "sha256:39169a11d87a6a263afda3e9a27d1df16d0f919d40a4837cc73986c9884c0dd8", size = 681690, upload-time = "2026-07-22T12:43:48.109Z" },
    { url = "https://files.pythonhosted.org/packages/a5/be/aeada79083c6f1c15f45d77a332f9c441af263ee298e3eb17522cd337d22/greenlet-3.5.4-cp314-cp314t-manylinux_2_24_x86_64.manylinux_2_28_x86_64.whl", hash = "sha256:cbd60b5763c6543c1827e48faaf14ea9bfbad245f52b1a4d76a2a2d8884c6c66", size = 676733, upload-time = "2026-07-22T11:51:16.027Z" },
    { url = "https://files.pythonhosted.org/packages/f4/60/44a2eca7b9fd71ae0fae7ff184da1cd3169d176652b97aa1cffcbb0ef961/greenlet-3.5.4-cp314-cp314t-manylinux_2_39_riscv64.whl", hash = "sha256:bd3d1145f603b2db19feb9078c2e6855eb7c67e15580c010ed815cee519b86fd", size = 510263, upload-time = "2026-07-22T12:39:55.678Z" },
    { url = "https://files.pythonhosted.org/packages/e9/10/2392fc3a98948652ef5fd1e7275c04f861dd13f74b78a2b4309f4ee4d090/greenlet-3.5.4-cp314-cp314t-musllinux_1_2_aarch64.whl", hash = "sha256:f00f910f0e7b35416c63b23ad78b769aeccfc1775f712b43c4ee525624a2eef7", size = 1637327, upload-time = "2026-07-22T12:25:07.879Z" },
    { url = "https://files.pythonhosted.org/packages/55/c6/e7237a3dfa1f205ed0d9ea1e46d70bd2811b32d516266399fb59d28ab90a/greenlet-3.5.4-cp314-cp314t-musllinux_1_2_x86_64.whl", hash = "sha256:91c26423753b92caf41ab3f98fd547d7374d4d9fc2d85be041886c1579d9255e", size = 1697493, upload-time = "2026-07-22T11:51:19.214Z" },
    { url = "https://files.pythonhosted.org/packages/55/e3/4ba8154ba2a3d43729e499f72471b4b5c993f3826d3e24da81d5f06d6572/greenlet-3.5.4-cp314-cp314t-win_amd64.whl", hash = "sha256:ee032b91fd8ec29ec6c4cea2b8c561b178435134bd0752c7334b94e9c736c132", size = 251637, upload-time = "2026-07-22T11:40:37.44Z" },
    { url = "https://files.pythonhosted.org/packages/90/03/e3f96dfc100261a29545ddc8270cafe58f9195b6651466910e820910de77/greenlet-3.5.4-cp315-cp315-macosx_11_0_universal2.whl", hash = "sha256:178111881dd7a6c946471fda85485ec796e1043c2b939f694b096e2ecf986809", size = 296076, upload-time = "2026-07-22T11:39:38.364Z" },
    { url = "https://files.pythonhosted.org/packages/a4/3d/da52d208e5c977bce8667e784729e584e38b5785f4c1ec0f4c836e9a1c42/greenlet-3.5.4-cp315-cp315-manylinux_2_24_aarch64.manylinux_2_28_aarch64.whl", hash = "sha256:d92df08dd65fede97fc37aad36c2e9dcda3b31c467f8e0c2c096456cb818e927", size = 666870, upload-time = "2026-07-22T12:26:46.691Z" },
    { url = "https://files.pythonhosted.org/packages/2d/8a/7e6dee25cb8a8cf9b362c8e597cc269593378bd916f16c736c059a52e85a/greenlet-3.5.4-cp315-cp315-manylinux_2_24_ppc64le.manylinux_2_28_ppc64le.whl", hash = "sha256:99e8f8c4ebc4fd80aa26c1280ae9ad43a0976e786349703a181cf0bae60413e5", size = 677678, upload-time = "2026-07-22T12:29:07.508Z" },
    { url = "https://files.pythonhosted.org/packages/51/a7/dafc7415d430b0a43a16396eb49ecb3b62fd720877fb259cc4dcfaf5f31e/greenlet-3.5.4-cp315-cp315-manylinux_2_24_s390x.manylinux_2_28_s390x.whl", hash = "sha256:1f17e362d78e37559e0506c5a7d066bdd45073c36a0127a543e8a0df27242ff3", size = 681428, upload-time = "2026-07-22T12:43:49.623Z" },
    { url = "https://files.pythonhosted.org/packages/6c/21/5a38699fa45de749e3857d93b8f07e4c20489e77c2d35d915a2e1c456606/greenlet-3.5.4-cp315-cp315-manylinux_2_24_x86_64.manylinux_2_28_x86_64.whl", hash = "sha256:394de08dad5ffcb1f50c2159d93e398d9d2da3ed437645eaa54771fa720db9f0", size = 676067, upload-time = "2026-07-22T11:51:18.163Z" },
    { url = "https://files.pythonhosted.org/packages/2e/d9/6298f3432de301d4718766cf934bd73c418c73f81fbb77247319364b0d96/greenlet-3.5.4-cp315-cp315-manylinux_2_39_riscv64.whl", hash = "sha256:cd320d998cbaa032932830448e39abf3c6a12901295e386e8114db926e10cffb", size = 487446, upload-time = "2026-07-22T12:39:57.044Z" },
    { url = "https://files.pythonhosted.org/packages/5e/ba/863116ab8ff1ca7a729e327800268939d182db47aa433db70e216e7d9194/greenlet-3.5.4-cp315-cp315-musllinux_1_2_aarch64.whl", hash = "sha256:c883d61f2282d72c767a14936641b3efcbde9d82f1080712aaea0b1d3126cb88", size = 1633489, upload-time = "2026-07-22T12:25:09.605Z" },
    { url = "https://files.pythonhosted.org/packages/fa/06/7466ced82818d6132462d7f26b3f83c66ea15d2b193a6c0088d558ed7d95/greenlet-3.5.4-cp315-cp315-musllinux_1_2_x86_64.whl", hash = "sha256:2a924f15d17957e252a810acefcb5942f5ca712298e8b6fcaed9a307d357522c", size = 1696584, upload-time = "2026-07-22T11:51:21.304Z" },
    { url = "https://files.pythonhosted.org/packages/f9/4d/55b638489260065de9ffce606c8b5d04507bef705de4b212a0c3d6a1a0df/greenlet-3.5.4-cp315-cp315-win_amd64.whl", hash = "sha256:ed17e5f3420360d5b459de8462efb52060399a5326a613d4cde31cef63ef95da", size = 248297, upload-time = "2026-07-22T11:42:04.055Z" },
    { url = "https://files.pythonhosted.org/packages/bb/08/9dd4ae635da93d41dc268bc34bd62a9d711ed8b8825c5d22ac910c7d6e6d/greenlet-3.5.4-cp315-cp315-win_arm64.whl", hash = "sha256:f908898d6fa484ce4b6f447ce70ea99b52c503fee419e53cf74d60a16bc9e667", size = 247423, upload-time = "2026-07-22T11:44:00.764Z" },
    { url = "https://files.pythonhosted.org/packages/19/66/7c87ed9cdbf1d49c2c6cd1c7b9dd4d16c33b24235ca03972293a1876b30c/greenlet-3.5.4-cp315-cp315t-macosx_11_0_universal2.whl", hash = "sha256:1833637f17d5e7472548a48575c394fe39f1b1890d676d162d86593610f44d8c", size = 306487, upload-time = "2026-07-22T11:41:25.118Z" },
    { url = "https://files.pythonhosted.org/packages/5b/05/0a4201e7c0054866eefc05da234f236dd4c950d0fbf9ca0517141f01b269/greenlet-3.5.4-cp315-cp315t-manylinux_2_24_aarch64.manylinux_2_28_aarch64.whl", hash = "sha256:12cda9122e03341f1cb6b8207a19d7a9d375e52f1b4e9243918375f40fd7b4b9", size = 676479, upload-time = "2026-07-22T12:26:48.129Z" },
    { url = "https://files.pythonhosted.org/packages/3d/c0/4b6b8c5a3aec70f0649cd89662d120fdd6421e2bdc8e3b15c3ab5ec568d8/greenlet-3.5.4-cp315-cp315t-manylinux_2_24_ppc64le.manylinux_2_28_ppc64le.whl", hash = "sha256:d83ae0e32d14957ab7170785a20f582635c8474deab1bfbb552b17e769a6ce25", size = 684321, upload-time = "2026-07-22T12:29:08.925Z" },
    { url = "https://files.pythonhosted.org/packages/88/15/0b167aeea95285b0e654ddce651922f666c089363c2ec528ca8b9a9ba74f/greenlet-3.5.4-cp315-cp315t-manylinux_2_24_s390x.manylinux_2_28_s390x.whl", hash = "sha256:123aa379c962ed5fe90a880327e0c3066124ac64ec99e12a238be9fd8eb3db3d", size = 685995, upload-time = "2026-07-22T12:43:50.993Z" },
    { url = "https://files.pythonhosted.org/packages/24/c9/b49c31c9a972eee91e260445770e922244a7efc542697f51a012ec046d0f/greenlet-3.5.4-cp315-cp315t-manylinux_2_24_x86_64.manylinux_2_28_x86_64.whl", hash = "sha256:9f1467de1bb767f75db0aa34c195e3a496d8d1278c796e70c24ce205d3e99cde", size = 681293, upload-time = "2026-07-22T11:51:20.43Z" },
    { url = "https://files.pythonhosted.org/packages/de/90/c023ec337f32ff505be7db759c80d98f0532bb94d0c6fa13645efe9bee2e/greenlet-3.5.4-cp315-cp315t-manylinux_2_39_riscv64.whl", hash = "sha256:adf2244d7f69409925a8f22ed22cc5f93cdfe5c9dc87ff3476be2c2aaae61a05", size = 516928, upload-time = "2026-07-22T12:39:58.359Z" },
    { url = "https://files.pythonhosted.org/packages/95/6f/7f2d4653770500eee667866016d42d7a68e3d3462f80df6b8e3fcd48a0eb/greenlet-3.5.4-cp315-cp315t-musllinux_1_2_aarch64.whl", hash = "sha256:0fa53040b78b578120eecdc0265e3f1051487cc425d11a2b7c761daadf4feaa8", size = 1642474, upload-time = "2026-07-22T12:25:10.819Z" },
    { url = "https://files.pythonhosted.org/packages/5a/d8/8cba31036a4caae448087ba5d150660ab03b4a0f54d9150f6495a3be7262/greenlet-3.5.4-cp315-cp315t-musllinux_1_2_x86_64.whl", hash = "sha256:60e0bc961d367df506660e9ac0177a76bc6d81305300704b0977d1634f76efe2", size = 1701012, upload-time = "2026-07-22T11:51:23.17Z" },
    { url = "https://files.pythonhosted.org/packages/e3/cd/3f77a4cce3bae631b08eb52f53a82a976669600337e21dfdba811cb50267/greenlet-3.5.4-cp315-cp315t-win_amd64.whl", hash = "sha256:f680e549edb3eaf21eea4e7fe101e15ec180c74b7879ab46adc080f22d4015d2", size = 251977, upload-time = "2026-07-22T11:41:38.125Z" },
    { url = "https://files.pythonhosted.org/packages/93/e8/65e8707d00fe2a49bf12f609a9b2b39ba6dd23c2810eacad877c4fc94bfe/greenlet-3.5.4-cp315-cp315t-win_arm64.whl", hash = "sha256:08fc36de8442d5c3e95b044550dbea9bf144d31ec0cc58e36fb241cb6ef6a994", size = 250538, upload-time = "2026-07-22T11:40:17.985Z" },
]

[[package]]
name = "msgpack"
version = "1.2.1"
source = { registry = "https://pypi.org/simple" }
sdist = { url = "https://files.pythonhosted.org/packages/31/f9/c0a1c127f9049db9155afc316952ea571720dd01833ff5e4d7e8e6352dbb/msgpack-1.2.1.tar.gz", hash = "sha256:04c721c2c7448767e9e3f2520a475663d8ee0f09c31890f6d2bd70fd636a9647", size = 183960, upload-time = "2026-06-18T16:13:52.594Z" }
wheels = [
    { url = "https://files.pythonhosted.org/packages/77/58/cce442852c6b9e1639c7c8ac8fd9143121cb32dab0f308df4d1426a8eb9c/msgpack-1.2.1-cp314-cp314-macosx_10_15_x86_64.whl", hash = "sha256:05f340e47e7e47d2da8db9b53e1bb1d294369e9ef45a747441309f6650b8351d", size = 83610, upload-time = "2026-06-18T16:13:25.724Z" },
    { url = "https://files.pythonhosted.org/packages/60/5c/15b4c7a0182f75ffa90751958ba36a9c01cafee367d49a3edc10ed140b01/msgpack-1.2.1-cp314-cp314-macosx_11_0_arm64.whl", hash = "sha256:810b916696c86ef0deb3b74588480224df4c1b071136c34183e4a2a4284d7ac7", size = 83138, upload-time = "2026-06-18T16:13:26.781Z" },
    { url = "https://files.pythonhosted.org/packages/b8/a6/99e58722feaffc5f2fbcc0c8c0d1451ab9f84097f7af87291b46af2390f4/msgpack-1.2.1-cp314-cp314-manylinux2014_aarch64.manylinux_2_17_aarch64.manylinux_2_28_aarch64.whl", hash = "sha256:ca0dacff965c47afdc3749a8469d7302a8f801d6a28758d55120d75e66ce6889", size = 406090, upload-time = "2026-06-18T16:13:28.072Z" },
    { url = "https://files.pythonhosted.org/packages/19/03/8c63e8cf52958534ef688625965ab04c269a6cadd8caef16758b380a821a/msgpack-1.2.1-cp314-cp314-manylinux2014_x86_64.manylinux_2_17_x86_64.manylinux_2_28_x86_64.whl", hash = "sha256:0e2bf9280bceb5efca998435904b5d3e9fdbcc11d90dc9df30aec7973252b720", size = 412106, upload-time = "2026-06-18T16:13:29.427Z" },
    { url = "https://files.pythonhosted.org/packages/63/d2/155d9e71b40e41fd934bc0c48b9b2770f22263e1ac20aad8e29fdca7be3f/msgpack-1.2.1-cp314-cp314-manylinux_2_31_riscv64.manylinux_2_39_riscv64.whl", hash = "sha256:aa6c4be5d1c02a42b066ca6ddb71adf36432868fdcdb6ee87e634e86e0674190", size = 374851, upload-time = "2026-06-18T16:13:30.631Z" },
    { url = "https://files.pythonhosted.org/packages/98/48/deaf2326262a8d5ea3295ce9649912ecd3f551ba7ec8e33c665d2ba583f3/msgpack-1.2.1-cp314-cp314-musllinux_1_2_aarch64.whl", hash = "sha256:ec0e675d59150a6269ddc9139087c722292664a37d071a849c05c473350f1f2d", size = 396168, upload-time = "2026-06-18T16:13:31.977Z" },
    { url = "https://files.pythonhosted.org/packages/10/2a/b4410f906c2ec0008f1608d3ab5143afc3ad3f4e6da0fed3ea2231d0bef4/msgpack-1.2.1-cp314-cp314-musllinux_1_2_riscv64.whl", hash = "sha256:dd3bfe82d53edfe4b7fc9a7ec9761e23a7a5b1dac22264505af428253c29ed24", size = 371959, upload-time = "2026-06-18T16:13:33.282Z" },
    { url = "https://files.pythonhosted.org/packages/59/86/1edc67270099a528fa2093ea60fe191233cd238e4bd30cfacf7db79fc959/msgpack-1.2.1-cp314-cp314-musllinux_1_2_x86_64.whl", hash = "sha256:5ad5467fc3f68b5468e06c5f788d712e9f8ffc8b0cd1bcb160c105c1ee92dae7", size = 408457, upload-time = "2026-06-18T16:13:34.567Z" },
    { url = "https://files.pythonhosted.org/packages/82/90/8b630fef07d8c5ab457b71ff2c217910c83d333c7a68472c186e87cc504a/msgpack-1.2.1-cp314-cp314-win32.whl", hash = "sha256:98b58bdb89c46190e4609bb36abe17c6d4105ad13f9c5f8f6f64d320f8ced3fb", size = 65942, upload-time = "2026-06-18T16:13:36.056Z" },
    { url = "https://files.pythonhosted.org/packages/16/f1/467b81e98b24dd3885d7b1857728797b4ffc76a7a7483af4fb321a07de3c/msgpack-1.2.1-cp314-cp314-win_amd64.whl", hash = "sha256:74847557e28ce71bd3c438a447ca90e4b507e997ddbdef8a12a7b283b86c156b", size = 72627, upload-time = "2026-06-18T16:13:37.079Z" },
    { url = "https://files.pythonhosted.org/packages/a7/1d/5d8c4c89985feb6acefb82a09e501c60392261856d2408d20bfe4f0360b1/msgpack-1.2.1-cp314-cp314-win_arm64.whl", hash = "sha256:b50b727bd652bdc37d950336c848ef20ec54a4cafc38dce19b1cd86ad625d0f7", size = 66908, upload-time = "2026-06-18T16:13:38.23Z" },
    { url = "https://files.pythonhosted.org/packages/1b/02/ad2afb678b4de94496cd432b581759b756a92c1192d8c767edd6b132efdc/msgpack-1.2.1-cp314-cp314t-macosx_10_15_x86_64.whl", hash = "sha256:8d00f177ca88a77c1cf848d204a38f249751650b601cb6532acc68805d8a8273", size = 86000, upload-time = "2026-06-18T16:13:39.44Z" },
    { url = "https://files.pythonhosted.org/packages/54/74/0b797484013128837f3b1cbb6cea019277c4de4e377dc512b4d9a0f92940/msgpack-1.2.1-cp314-cp314t-macosx_11_0_arm64.whl", hash = "sha256:5bb9c386f0a329c035ddbab4b72d1028bf9627add8dda41070288563d57ed1b1", size = 86544, upload-time = "2026-06-18T16:13:40.447Z" },
    { url = "https://files.pythonhosted.org/packages/a9/b4/b774d7eb95561739907fec675582f83203cf41c597a418c2589b4bfb8e9d/msgpack-1.2.1-cp314-cp314t-manylinux2014_aarch64.manylinux_2_17_aarch64.manylinux_2_28_aarch64.whl", hash = "sha256:20466cca18c49c7292a8984bc15d65857b171e7264bdcb5f96baf8be238791fc", size = 427661, upload-time = "2026-06-18T16:13:41.574Z" },
    { url = "https://files.pythonhosted.org/packages/b2/f9/3243191dc9937e00756c8bc1b0272fed8f23758e43df2a3b46f533e5090f/msgpack-1.2.1-cp314-cp314t-manylinux2014_x86_64.manylinux_2_17_x86_64.manylinux_2_28_x86_64.whl", hash = "sha256:196300e7e5d6e74d50f1607ab9c06c4a1484c383cd22defd727902591f7e8dde", size = 426375, upload-time = "2026-06-18T16:13:42.936Z" },
    { url = "https://files.pythonhosted.org/packages/23/c7/1693111db9944ba4ad4b67a1e788400d78a0b6af7a6523dc7e4e58f8274b/msgpack-1.2.1-cp314-cp314t-manylinux_2_31_riscv64.manylinux_2_39_riscv64.whl", hash = "sha256:575957e79cd51903a4e8495a242442949641e08f1efd5197b43bebd3ea7682b4", size = 380495, upload-time = "2026-06-18T16:13:44.306Z" },
    { url = "https://files.pythonhosted.org/packages/3e/2b/92f86956a0c13e8662f7e2ad630c4eb4db07497b967589bd5245e018b2c1/msgpack-1.2.1-cp314-cp314t-musllinux_1_2_aarch64.whl", hash = "sha256:8c2ed1e48cc0f460bf3c7780e7137ff21a4e18433451916f2442c1b21036cd7d", size = 410897, upload-time = "2026-06-18T16:13:45.629Z" },
    { url = "https://files.pythonhosted.org/packages/da/ea/1479f72d200313a76fc2f823a79d1e07ed052ab7b8a0280640aa7b95de42/msgpack-1.2.1-cp314-cp314t-musllinux_1_2_riscv64.whl", hash = "sha256:5f6277e5f783c36786a145e0247fc189a03f35f84b251646e53592d2bc12b355", size = 378519, upload-time = "2026-06-18T16:13:46.998Z" },
    { url = "https://files.pythonhosted.org/packages/f5/4d/fa006060ffa1011d32bfae826fe766fe73e02982183601633b7121058ab3/msgpack-1.2.1-cp314-cp314t-musllinux_1_2_x86_64.whl", hash = "sha256:f9389552ecf4784886345ead0647e4edc96bee37cbab05b75540f542f766c48c", size = 419815, upload-time = "2026-06-18T16:13:48.205Z" },
    { url = "https://files.pythonhosted.org/packages/2f/e1/aab6c946570496b78e67804721f3d5e2d62a93081b9b37df77764ef56347/msgpack-1.2.1-cp314-cp314t-win32.whl", hash = "sha256:c1c79a604a2969a868a78b6ebd27a887e00c624f14f66b3038e0590cb23332d1", size = 70914, upload-time = "2026-06-18T16:13:49.385Z" },
    { url = "https://files.pythonhosted.org/packages/13/0a/e608956488a2af014cfe6e3d665e090b8ee42aa14b07f8f95b8880d66b09/msgpack-1.2.1-cp314-cp314t-win_amd64.whl", hash = "sha256:f12038a35fabd52e56a3547bab42401af49a45caa6dd00b34c44de235bc93ee2", size = 77999, upload-time = "2026-06-18T16:13:50.467Z" },
    { url = "https://files.pythonhosted.org/packages/d2/8a/27e2e57055176e366a46b85d02d68e7a5bcfbdd8474c9706375d965f24d3/msgpack-1.2.1-cp314-cp314t-win_arm64.whl", hash = "sha256:0adcf06ffde0777c0e1a9b771a2b1c4226ba1bbf748c8efcc02fcdeca3299107", size = 71160, upload-time = "2026-06-18T16:13:51.498Z" },
]

[[package]]
name = "nvim-python-provider"
version = "0.1.0"
source = { virtual = "." }
dependencies = [
    { name = "pynvim" },
]

[package.metadata]
requires-dist = [{ name = "pynvim" }]

[[package]]
name = "pynvim"
version = "0.6.0"
source = { registry = "https://pypi.org/simple" }
dependencies = [
    { name = "greenlet", marker = "platform_python_implementation != 'PyPy'" },
    { name = "msgpack" },
]
sdist = { url = "https://files.pythonhosted.org/packages/04/d7/c4412e6219661fd8689cdd9553988f8ea38c151067d70c49436977688aa9/pynvim-0.6.0.tar.gz", hash = "sha256:0ffcb879322d08f9e9061e1123dd58ba3a5ccfbd4999bb1157bac525822aa590", size = 51478, upload-time = "2025-09-07T18:35:37.601Z" }
wheels = [
    { url = "https://files.pythonhosted.org/packages/54/2d/c28b9293975ed9ee05e52f1d316cb402ba6edb232baa0497754a70182ca2/pynvim-0.6.0-py3-none-any.whl", hash = "sha256:29f92ff3fde9e52c263e6bfd7f30345be05bfc7b5c21484da1cc38a8d8e5e98f", size = 47633, upload-time = "2025-09-07T18:35:36.348Z" },
]
