version = 1
revision = 3
requires-python = ">=3.14"

[[package]]
name = "greenlet"
version = "3.5.3"
source = { registry = "https://pypi.org/simple" }
sdist = { url = "https://files.pythonhosted.org/packages/e2/f1/fbbfef6af0bad0548f09bc28948ea3c275b4edb19e17fc5ca9900a6a634d/greenlet-3.5.3.tar.gz", hash = "sha256:a61efc018fd3eb317eeca31aba90ee9e7f26f22884a79b6c6ec715bf71bb62f1", size = 200270, upload-time = "2026-06-26T19:28:24.832Z" }
wheels = [
    { url = "https://files.pythonhosted.org/packages/c3/93/43e116ee114b28737ba7e12952a0d4e2f55944d0f84e42bc91ba7192a3c9/greenlet-3.5.3-cp314-cp314-macosx_11_0_universal2.whl", hash = "sha256:fd2e02fa07485778536a036222d616ab957b1d533f36b3ed98ce725d9c9d3117", size = 288202, upload-time = "2026-06-26T18:23:49.604Z" },
    { url = "https://files.pythonhosted.org/packages/82/2f/146d218299046a43d1f029fd544b3d110d0f175a09c715c7e8da4a4a345d/greenlet-3.5.3-cp314-cp314-manylinux_2_24_aarch64.manylinux_2_28_aarch64.whl", hash = "sha256:df0a0628d1597eb0897b62f55d1343f772405fd25f3b2a796c76874b0c2e22e8", size = 654096, upload-time = "2026-06-26T19:07:12.71Z" },
    { url = "https://files.pythonhosted.org/packages/a0/cc/04738cafb3f45fa991ea44f9de94c47dcec964f5a972300988a6751f49d9/greenlet-3.5.3-cp314-cp314-manylinux_2_24_ppc64le.manylinux_2_28_ppc64le.whl", hash = "sha256:ebd933a6adabc298bab47731a130fe6bfb888bd934eee37810f151159544540d", size = 666304, upload-time = "2026-06-26T19:10:09.503Z" },
    { url = "https://files.pythonhosted.org/packages/86/a9/73fa62893d5b84b4205544e6b673c654cc43aa5b9899bac00f04d64af73d/greenlet-3.5.3-cp314-cp314-manylinux_2_24_s390x.manylinux_2_28_s390x.whl", hash = "sha256:8d19fe6c39ebff9259f07bcc685d3290f8fa4ea2278e51dd0008e4d6b0f2d814", size = 670657, upload-time = "2026-06-26T19:24:19.967Z" },
    { url = "https://files.pythonhosted.org/packages/ce/aa/4e0dad5e605c270c784ab911c43da6adb136ccd4d81180f763ca429a723d/greenlet-3.5.3-cp314-cp314-manylinux_2_24_x86_64.manylinux_2_28_x86_64.whl", hash = "sha256:4b9d501b40e80b70e32323c799dd9b420a5577a9601469d362ae1ffb690f3a7c", size = 663635, upload-time = "2026-06-26T18:32:20.802Z" },
    { url = "https://files.pythonhosted.org/packages/29/7e/2ffce64929fb3cab7b65d5a0b20aaf9764e227681d731b041077fc9a525a/greenlet-3.5.3-cp314-cp314-manylinux_2_39_riscv64.whl", hash = "sha256:962c5df2db8cb446da51edf1ca5296c389d93b99c9d8aa2ee4c7d0d8f1218260", size = 473497, upload-time = "2026-06-26T19:25:39.421Z" },
    { url = "https://files.pythonhosted.org/packages/d1/50/13efdbea246fe3d3b735e191fec08fb50809f53cd2383ebe123d0809e44b/greenlet-3.5.3-cp314-cp314-musllinux_1_2_aarch64.whl", hash = "sha256:a1fad1d11e7d6aab184107baa8e4ece11ccba3ec9599cd7efa5ff4d70d43256a", size = 1621252, upload-time = "2026-06-26T19:09:05.647Z" },
    { url = "https://files.pythonhosted.org/packages/f7/22/c0a336ae4a1410fd5f5121098e5bfbf1865f64c5ef80b4b5412886c4a332/greenlet-3.5.3-cp314-cp314-musllinux_1_2_x86_64.whl", hash = "sha256:fad5aec764399f1b5cc347ad250a59660f20c8f8888ea6bae1f93b769cce1154", size = 1684824, upload-time = "2026-06-26T18:31:47.738Z" },
    { url = "https://files.pythonhosted.org/packages/7a/94/91aec0030bea75c4b3244251d0de60a1f3432d1ecb53ab6c437fb5c3ba61/greenlet-3.5.3-cp314-cp314-win_amd64.whl", hash = "sha256:7669aa24cf2a1041d6f7899575b494a3ab4cf68bfcc8609b1dc0be7272db835e", size = 240754, upload-time = "2026-06-26T18:22:15.669Z" },
    { url = "https://files.pythonhosted.org/packages/e5/06/68d0983e79e02138f64b4d303c500c27ddb48e5e77f3debb80888a921eae/greenlet-3.5.3-cp314-cp314-win_arm64.whl", hash = "sha256:5b4807c4082c9d1b6d9eed56fcd041863e37f2228106eef24c30ca096e238605", size = 239549, upload-time = "2026-06-26T18:22:42.996Z" },
    { url = "https://files.pythonhosted.org/packages/91/95/3e161213d7f1d378d15aa9e792093e9bfe01844680d04b7fd6e0107c9098/greenlet-3.5.3-cp314-cp314t-macosx_11_0_universal2.whl", hash = "sha256:271a8ea7c1024e8a0d7dd2be66dd66dda8a07193f41a17b9e924f7600f5b62be", size = 296389, upload-time = "2026-06-26T18:22:20.657Z" },
    { url = "https://files.pythonhosted.org/packages/00/92/715c44721abe2b4d1ae9abde4179411868a5bff312479f54e105d372f131/greenlet-3.5.3-cp314-cp314t-manylinux_2_24_aarch64.manylinux_2_28_aarch64.whl", hash = "sha256:19131729ae0ddc3c2e1ef85e650169b5e37ee32e400f215f78b94d7b0d567310", size = 653382, upload-time = "2026-06-26T19:07:14.209Z" },
    { url = "https://files.pythonhosted.org/packages/a0/83/37a10372a1090a6624cca8e74c12df1a36c2dc36429ed0255b7fb1aeee23/greenlet-3.5.3-cp314-cp314t-manylinux_2_24_ppc64le.manylinux_2_28_ppc64le.whl", hash = "sha256:1540dd8e5fc2a5aec40fbb98ef8e149fa47c89a4b4a1cf2575a14d3d1869d7a8", size = 659401, upload-time = "2026-06-26T19:10:10.876Z" },
    { url = "https://files.pythonhosted.org/packages/cb/73/8faec206b851c22b1733545fda900829a1f3f5b1c78ae7e0fb3dba57d9f4/greenlet-3.5.3-cp314-cp314t-manylinux_2_24_s390x.manylinux_2_28_s390x.whl", hash = "sha256:b897d97759425953f69a9c0fac67f8fe333ec0ce7377ef186fb2b0c3ad5e354d", size = 659582, upload-time = "2026-06-26T19:24:21.357Z" },
    { url = "https://files.pythonhosted.org/packages/db/e2/d1509cad4207da559cc42986ecdd8fc67ad0d1bba2bf03023c467fd5e0f3/greenlet-3.5.3-cp314-cp314t-manylinux_2_24_x86_64.manylinux_2_28_x86_64.whl", hash = "sha256:e81fa194a1d20967877bdf9c7794db2bc99063e5be36aee710c08f04c5bb087f", size = 656969, upload-time = "2026-06-26T18:32:22.272Z" },
    { url = "https://files.pythonhosted.org/packages/b4/55/50c19e49f8045834ada71ef12f8ad048eba8517c6aa41161bed676328fae/greenlet-3.5.3-cp314-cp314t-manylinux_2_39_riscv64.whl", hash = "sha256:3236754d423955ea08e9bb5f6c04a7895f9e22c290b66aa7653fcb922d839eb0", size = 491037, upload-time = "2026-06-26T19:25:40.672Z" },
    { url = "https://files.pythonhosted.org/packages/86/7d/eaf70de20aadca3a5884aec58362861c64ce45e7b277f47ed026926a3b89/greenlet-3.5.3-cp314-cp314t-musllinux_1_2_aarch64.whl", hash = "sha256:55cf4d777485d43110e47133cbba6d74a8885a87ec1227ef0267f9ee80c5aa21", size = 1617822, upload-time = "2026-06-26T19:09:06.893Z" },
    { url = "https://files.pythonhosted.org/packages/8a/f9/414d38fc400ae4350d4185eaad1827676f7cf5287b9136e0ed1cbbe20a7f/greenlet-3.5.3-cp314-cp314t-musllinux_1_2_x86_64.whl", hash = "sha256:12a248ba75f6a9a236375f52296c498c89ff1d8badf32deb9eca7abd5853f7da", size = 1677983, upload-time = "2026-06-26T18:31:49.396Z" },
    { url = "https://files.pythonhosted.org/packages/e4/15/7edb977e08f9bff702fe42d6c902702786ff6b9694058b4e6a2a6ac90e57/greenlet-3.5.3-cp314-cp314t-win_amd64.whl", hash = "sha256:efc6bd60ea02e085862c74a3ef64b147ffc6f1a5ea7d9f26e7a939943f68c1e3", size = 243626, upload-time = "2026-06-26T18:24:41.485Z" },
    { url = "https://files.pythonhosted.org/packages/2c/8a/93928dce91e6b3598b5e779e8d1fd6576a504640c58e78627077f6a7a91a/greenlet-3.5.3-cp315-cp315-macosx_11_0_universal2.whl", hash = "sha256:ea03f2f04367845d6b58eeed276e1e56e51f0b97d8ad5a88a7d20a91dc9056cc", size = 288860, upload-time = "2026-06-26T18:22:48.07Z" },
    { url = "https://files.pythonhosted.org/packages/4f/ca/69db42d447a1378043e2c8f19c09cbbd1263371505053c496b49066d3d16/greenlet-3.5.3-cp315-cp315-manylinux_2_24_aarch64.manylinux_2_28_aarch64.whl", hash = "sha256:78dbef602fda6d97d957eb7937f70c9ce9e9527330347f8f6b6f9e554a9e7a47", size = 659747, upload-time = "2026-06-26T19:07:15.565Z" },
    { url = "https://files.pythonhosted.org/packages/a8/0b/af7ac2ef8dd41e3da1a40dda6305c23b9a03e13ba975ec916357b50f8575/greenlet-3.5.3-cp315-cp315-manylinux_2_24_ppc64le.manylinux_2_28_ppc64le.whl", hash = "sha256:6f73857adb8fee13fa56c172bd11262f888c0c648f9fea113e777bb2c7904a81", size = 670419, upload-time = "2026-06-26T19:10:12.293Z" },
    { url = "https://files.pythonhosted.org/packages/25/aa/952cf28c2ff949a8c971134fb43854dd7eaa737218723aaef758f8c9aead/greenlet-3.5.3-cp315-cp315-manylinux_2_24_s390x.manylinux_2_28_s390x.whl", hash = "sha256:cefa9cef4b371f9844c6053db71f1138bc6807bab1578b0dae5149c1f1141357", size = 674261, upload-time = "2026-06-26T19:24:22.79Z" },
    { url = "https://files.pythonhosted.org/packages/51/1e/1d51640cacbfc455dbe9f9a9f594c49e4e244f63b9971a2f4764e46cc53d/greenlet-3.5.3-cp315-cp315-manylinux_2_24_x86_64.manylinux_2_28_x86_64.whl", hash = "sha256:232fec92e823addaf02d9472cf7381e24a1d046a6ced1103c5caa4c21b9dfc1d", size = 668787, upload-time = "2026-06-26T18:32:24.298Z" },
    { url = "https://files.pythonhosted.org/packages/dc/f2/b00d6f5e63e531a93562b2ec1a4c320fbee91f580fc42e6417af69d706e5/greenlet-3.5.3-cp315-cp315-manylinux_2_39_riscv64.whl", hash = "sha256:6219b6d04dbf6ba6084d77dc609e8473060dc55f759cbf626d512122781fa128", size = 480322, upload-time = "2026-06-26T19:25:41.852Z" },
    { url = "https://files.pythonhosted.org/packages/21/66/4030d5b0b5894500023f003bb054d9bb354dfbd1e186c3a296759172f5f5/greenlet-3.5.3-cp315-cp315-musllinux_1_2_aarch64.whl", hash = "sha256:2421c3564da9429d5586d46ca31ebb26516b5498a802cf65c041a8e8a8980d34", size = 1626305, upload-time = "2026-06-26T19:09:08.281Z" },
    { url = "https://files.pythonhosted.org/packages/0e/50/5221371c7550108dfa3c378debc41d032aa9c78e89abb01d8011cfc93289/greenlet-3.5.3-cp315-cp315-musllinux_1_2_x86_64.whl", hash = "sha256:e0f0d160f0b2e558e6c75f7930967183255dc9735e5f5b8cae58ee09c9576d8b", size = 1688631, upload-time = "2026-06-26T18:31:51.278Z" },
    { url = "https://files.pythonhosted.org/packages/68/5d/00d469daae3c65d2bf620b10eee82eb022127d483c6bc8c69fae6f3fbf17/greenlet-3.5.3-cp315-cp315-win_amd64.whl", hash = "sha256:dd99329bbc15ca78dcc583dba05d0b1b0bae01ab6c2174989f5aaee3e41ac930", size = 241027, upload-time = "2026-06-26T18:22:38.203Z" },
    { url = "https://files.pythonhosted.org/packages/e7/e8/883785b44c5780ed71e83d3e4437e710470be17a2e181e8b601e2da0dc4a/greenlet-3.5.3-cp315-cp315-win_arm64.whl", hash = "sha256:499fef2acede88c1864a57bb586b4bf533c81e1b82df7ab93451cdb47dfec227", size = 240085, upload-time = "2026-06-26T18:23:54.217Z" },
    { url = "https://files.pythonhosted.org/packages/1c/da/4f4a8450962fad137c1c8981a3f1b8919d06c829993d4d476f9c525d5173/greenlet-3.5.3-cp315-cp315t-macosx_11_0_universal2.whl", hash = "sha256:176bc16a721fa5fc294d70b87b4dfa5fbdd251b3da5d5372735ecef9bd7d6d0c", size = 297221, upload-time = "2026-06-26T18:23:27.176Z" },
    { url = "https://files.pythonhosted.org/packages/57/66/b3bfae3e220a9b63ea539a0eea681800c69ab1aada757eae8789f183e7ce/greenlet-3.5.3-cp315-cp315t-manylinux_2_24_aarch64.manylinux_2_28_aarch64.whl", hash = "sha256:629b614d2b786e89c50440e246f33eea78f58a962d0bdbbcc809e6d13605903f", size = 657221, upload-time = "2026-06-26T19:07:16.973Z" },
    { url = "https://files.pythonhosted.org/packages/7b/81/b6d4d73a709684fc77e7fa034d7c2fe82cffa9fc920fadcaa659c2626213/greenlet-3.5.3-cp315-cp315t-manylinux_2_24_ppc64le.manylinux_2_28_ppc64le.whl", hash = "sha256:2b2e857ae16f5f72142edf75f9f176fe7526ba19a2841df1420516f83831c9f2", size = 663226, upload-time = "2026-06-26T19:10:13.723Z" },
    { url = "https://files.pythonhosted.org/packages/e9/39/0e0938a75115b939d42733a2a12e1d349653c9531fe6fe563e8a681f04e6/greenlet-3.5.3-cp315-cp315t-manylinux_2_24_s390x.manylinux_2_28_s390x.whl", hash = "sha256:16d192579ed281051396dddd7f7754dac6259e6b1fb26378c87b66622f8e3f91", size = 663706, upload-time = "2026-06-26T19:24:24.312Z" },
    { url = "https://files.pythonhosted.org/packages/f5/07/e210b02b589f16e74ff48b730690e4a34ffe984219fce4f3c1a0e7ec8545/greenlet-3.5.3-cp315-cp315t-manylinux_2_24_x86_64.manylinux_2_28_x86_64.whl", hash = "sha256:e515757e2e36bcbf1fad09a46e1557e8b1ae1797d4b44d09da7deed88ad28608", size = 660802, upload-time = "2026-06-26T18:32:26.081Z" },
    { url = "https://files.pythonhosted.org/packages/5b/41/35d1c678cdb3c3b9e6bee691728e563cfb294202b23c7a4c3c2ccc343589/greenlet-3.5.3-cp315-cp315t-manylinux_2_39_riscv64.whl", hash = "sha256:4399eb8d041f20b68d943918bc55502a93d6fdc0a37c14da7881c04139acee9d", size = 498803, upload-time = "2026-06-26T19:25:43.063Z" },
    { url = "https://files.pythonhosted.org/packages/eb/2e/5303eb3fa06bca089060f479707182a93e360683bc252acf846c3090d34e/greenlet-3.5.3-cp315-cp315t-musllinux_1_2_aarch64.whl", hash = "sha256:b363d46ed1ea431825fdb01471bb024fc08399bad1572a616e853c7684415adb", size = 1622157, upload-time = "2026-06-26T19:09:09.527Z" },
    { url = "https://files.pythonhosted.org/packages/54/70/50de47a488f14df260b50ae34fb5d56016e308b098eab02c878b5223c26a/greenlet-3.5.3-cp315-cp315t-musllinux_1_2_x86_64.whl", hash = "sha256:e44da2f5bbdaabaf7d80b73dbb430c7035771e9f244e3c8b769715c9d8fa0a16", size = 1681159, upload-time = "2026-06-26T18:31:52.986Z" },
    { url = "https://files.pythonhosted.org/packages/a7/13/1055e1dda7882073eda533e2b96c62e55bbd2db7fda6d5ece992febc7071/greenlet-3.5.3-cp315-cp315t-win_amd64.whl", hash = "sha256:8ff8bed3e3baa20a3ea261ce00526f1898ad4801d4886fd2220580ee0ad8fadf", size = 244007, upload-time = "2026-06-26T18:22:04.353Z" },
    { url = "https://files.pythonhosted.org/packages/b4/0d/ca7d15afbdc397e3401134c9e1800d51d12b829661786187a4ad08fe484f/greenlet-3.5.3-cp315-cp315t-win_arm64.whl", hash = "sha256:b7068bd09f761f3f5b4d214c2bed063186b2a86148c740b3873e3f56d79bac31", size = 242586, upload-time = "2026-06-26T18:23:37.93Z" },
]

[[package]]
name = "msgpack"
version = "1.2.1"
source = { registry = "https://pypi.org/simple" }
sdist = { url = "https://files.pythonhosted.org/packages/31/f9/c0a1c127f9049db9155afc316952ea571720dd01833ff5e4d7e8e6352dbb/msgpack-1.2.1.tar.gz", hash = "sha256:04c721c2c7448767e9e3f2520a475663d8ee0f09c31890f6d2bd70fd636a9647", size = 183960, upload-time = "2026-06-18T16:13:52.594Z" }
wheels = [
    { url = "https://files.pythonhosted.org/packages/77/58/cce442852c6b9e1639c7c8ac8fd9143121cb32dab0f308df4d1426a8eb9c/msgpack-1.2.1-cp314-cp314-macosx_10_15_x86_64.whl", hash = "sha256:05f340e47e7e47d2da8db9b53e1bb1d294369e9ef45a747441309f6650b8351d", size = 83610, upload-time = "2026-06-18T16:13:25.724Z" },
    { url = "https://files.pythonhosted.org/packages/60/5c/15b4c7a0182f75ffa90751958ba36a9c01cafee367d49a3edc10ed140b01/msgpack-1.2.1-cp314-cp314-macosx_11_0_arm64.whl", hash = "sha256:810b916696c86ef0deb3b74588480224df4c1b071136c34183e4a2a4284d7ac7", size = 83138, upload-time = "2026-06-18T16:13:26.781Z" },
    { url = "https://files.pythonhosted.org/packages/b8/a6/99e58722feaffc5f2fbcc0c8c0d1451ab9f84097f7af87291b46af2390f4/msgpack-1.2.1-cp314-cp314-manylinux2014_aarch64.manylinux_2_17_aarch64.manylinux_2_28_aarch64.whl", hash = "sha256:ca0dacff965c47afdc3749a8469d7302a8f801d6a28758d55120d75e66ce6889", size = 406090, upload-time = "2026-06-18T16:13:28.072Z" },
    { url = "https://files.pythonhosted.org/packages/19/03/8c63e8cf52958534ef688625965ab04c269a6cadd8caef16758b380a821a/msgpack-1.2.1-cp314-cp314-manylinux2014_x86_64.manylinux_2_17_x86_64.manylinux_2_28_x86_64.whl", hash = "sha256:0e2bf9280bceb5efca998435904b5d3e9fdbcc11d90dc9df30aec7973252b720", size = 412106, upload-time = "2026-06-18T16:13:29.427Z" },
    { url = "https://files.pythonhosted.org/packages/63/d2/155d9e71b40e41fd934bc0c48b9b2770f22263e1ac20aad8e29fdca7be3f/msgpack-1.2.1-cp314-cp314-manylinux_2_31_riscv64.manylinux_2_39_riscv64.whl", hash = "sha256:aa6c4be5d1c02a42b066ca6ddb71adf36432868fdcdb6ee87e634e86e0674190", size = 374851, upload-time = "2026-06-18T16:13:30.631Z" },
    { url = "https://files.pythonhosted.org/packages/98/48/deaf2326262a8d5ea3295ce9649912ecd3f551ba7ec8e33c665d2ba583f3/msgpack-1.2.1-cp314-cp314-musllinux_1_2_aarch64.whl", hash = "sha256:ec0e675d59150a6269ddc9139087c722292664a37d071a849c05c473350f1f2d", size = 396168, upload-time = "2026-06-18T16:13:31.977Z" },
    { url = "https://files.pythonhosted.org/packages/10/2a/b4410f906c2ec0008f1608d3ab5143afc3ad3f4e6da0fed3ea2231d0bef4/msgpack-1.2.1-cp314-cp314-musllinux_1_2_riscv64.whl", hash = "sha256:dd3bfe82d53edfe4b7fc9a7ec9761e23a7a5b1dac22264505af428253c29ed24", size = 371959, upload-time = "2026-06-18T16:13:33.282Z" },
    { url = "https://files.pythonhosted.org/packages/59/86/1edc67270099a528fa2093ea60fe191233cd238e4bd30cfacf7db79fc959/msgpack-1.2.1-cp314-cp314-musllinux_1_2_x86_64.whl", hash = "sha256:5ad5467fc3f68b5468e06c5f788d712e9f8ffc8b0cd1bcb160c105c1ee92dae7", size = 408457, upload-time = "2026-06-18T16:13:34.567Z" },
    { url = "https://files.pythonhosted.org/packages/82/90/8b630fef07d8c5ab457b71ff2c217910c83d333c7a68472c186e87cc504a/msgpack-1.2.1-cp314-cp314-win32.whl", hash = "sha256:98b58bdb89c46190e4609bb36abe17c6d4105ad13f9c5f8f6f64d320f8ced3fb", size = 65942, upload-time = "2026-06-18T16:13:36.056Z" },
    { url = "https://files.pythonhosted.org/packages/16/f1/467b81e98b24dd3885d7b1857728797b4ffc76a7a7483af4fb321a07de3c/msgpack-1.2.1-cp314-cp314-win_amd64.whl", hash = "sha256:74847557e28ce71bd3c438a447ca90e4b507e997ddbdef8a12a7b283b86c156b", size = 72627, upload-time = "2026-06-18T16:13:37.079Z" },
    { url = "https://files.pythonhosted.org/packages/a7/1d/5d8c4c89985feb6acefb82a09e501c60392261856d2408d20bfe4f0360b1/msgpack-1.2.1-cp314-cp314-win_arm64.whl", hash = "sha256:b50b727bd652bdc37d950336c848ef20ec54a4cafc38dce19b1cd86ad625d0f7", size = 66908, upload-time = "2026-06-18T16:13:38.23Z" },
    { url = "https://files.pythonhosted.org/packages/1b/02/ad2afb678b4de94496cd432b581759b756a92c1192d8c767edd6b132efdc/msgpack-1.2.1-cp314-cp314t-macosx_10_15_x86_64.whl", hash = "sha256:8d00f177ca88a77c1cf848d204a38f249751650b601cb6532acc68805d8a8273", size = 86000, upload-time = "2026-06-18T16:13:39.44Z" },
    { url = "https://files.pythonhosted.org/packages/54/74/0b797484013128837f3b1cbb6cea019277c4de4e377dc512b4d9a0f92940/msgpack-1.2.1-cp314-cp314t-macosx_11_0_arm64.whl", hash = "sha256:5bb9c386f0a329c035ddbab4b72d1028bf9627add8dda41070288563d57ed1b1", size = 86544, upload-time = "2026-06-18T16:13:40.447Z" },
    { url = "https://files.pythonhosted.org/packages/a9/b4/b774d7eb95561739907fec675582f83203cf41c597a418c2589b4bfb8e9d/msgpack-1.2.1-cp314-cp314t-manylinux2014_aarch64.manylinux_2_17_aarch64.manylinux_2_28_aarch64.whl", hash = "sha256:20466cca18c49c7292a8984bc15d65857b171e7264bdcb5f96baf8be238791fc", size = 427661, upload-time = "2026-06-18T16:13:41.574Z" },
    { url = "https://files.pythonhosted.org/packages/b2/f9/3243191dc9937e00756c8bc1b0272fed8f23758e43df2a3b46f533e5090f/msgpack-1.2.1-cp314-cp314t-manylinux2014_x86_64.manylinux_2_17_x86_64.manylinux_2_28_x86_64.whl", hash = "sha256:196300e7e5d6e74d50f1607ab9c06c4a1484c383cd22defd727902591f7e8dde", size = 426375, upload-time = "2026-06-18T16:13:42.936Z" },
    { url = "https://files.pythonhosted.org/packages/23/c7/1693111db9944ba4ad4b67a1e788400d78a0b6af7a6523dc7e4e58f8274b/msgpack-1.2.1-cp314-cp314t-manylinux_2_31_riscv64.manylinux_2_39_riscv64.whl", hash = "sha256:575957e79cd51903a4e8495a242442949641e08f1efd5197b43bebd3ea7682b4", size = 380495, upload-time = "2026-06-18T16:13:44.306Z" },
    { url = "https://files.pythonhosted.org/packages/3e/2b/92f86956a0c13e8662f7e2ad630c4eb4db07497b967589bd5245e018b2c1/msgpack-1.2.1-cp314-cp314t-musllinux_1_2_aarch64.whl", hash = "sha256:8c2ed1e48cc0f460bf3c7780e7137ff21a4e18433451916f2442c1b21036cd7d", size = 410897, upload-time = "2026-06-18T16:13:45.629Z" },
    { url = "https://files.pythonhosted.org/packages/da/ea/1479f72d200313a76fc2f823a79d1e07ed052ab7b8a0280640aa7b95de42/msgpack-1.2.1-cp314-cp314t-musllinux_1_2_riscv64.whl", hash = "sha256:5f6277e5f783c36786a145e0247fc189a03f35f84b251646e53592d2bc12b355", size = 378519, upload-time = "2026-06-18T16:13:46.998Z" },
    { url = "https://files.pythonhosted.org/packages/f5/4d/fa006060ffa1011d32bfae826fe766fe73e02982183601633b7121058ab3/msgpack-1.2.1-cp314-cp314t-musllinux_1_2_x86_64.whl", hash = "sha256:f9389552ecf4784886345ead0647e4edc96bee37cbab05b75540f542f766c48c", size = 419815, upload-time = "2026-06-18T16:13:48.205Z" },
    { url = "https://files.pythonhosted.org/packages/2f/e1/aab6c946570496b78e67804721f3d5e2d62a93081b9b37df77764ef56347/msgpack-1.2.1-cp314-cp314t-win32.whl", hash = "sha256:c1c79a604a2969a868a78b6ebd27a887e00c624f14f66b3038e0590cb23332d1", size = 70914, upload-time = "2026-06-18T16:13:49.385Z" },
    { url = "https://files.pythonhosted.org/packages/13/0a/e608956488a2af014cfe6e3d665e090b8ee42aa14b07f8f95b8880d66b09/msgpack-1.2.1-cp314-cp314t-win_amd64.whl", hash = "sha256:f12038a35fabd52e56a3547bab42401af49a45caa6dd00b34c44de235bc93ee2", size = 77999, upload-time = "2026-06-18T16:13:50.467Z" },
    { url = "https://files.pythonhosted.org/packages/d2/8a/27e2e57055176e366a46b85d02d68e7a5bcfbdd8474c9706375d965f24d3/msgpack-1.2.1-cp314-cp314t-win_arm64.whl", hash = "sha256:0adcf06ffde0777c0e1a9b771a2b1c4226ba1bbf748c8efcc02fcdeca3299107", size = 71160, upload-time = "2026-06-18T16:13:51.498Z" },
]

[[package]]
name = "nvim-python-provider"
version = "0.1.0"
source = { virtual = "." }
dependencies = [
    { name = "pynvim" },
]

[package.metadata]
requires-dist = [{ name = "pynvim" }]

[[package]]
name = "pynvim"
version = "0.6.0"
source = { registry = "https://pypi.org/simple" }
dependencies = [
    { name = "greenlet", marker = "platform_python_implementation != 'PyPy'" },
    { name = "msgpack" },
]
sdist = { url = "https://files.pythonhosted.org/packages/04/d7/c4412e6219661fd8689cdd9553988f8ea38c151067d70c49436977688aa9/pynvim-0.6.0.tar.gz", hash = "sha256:0ffcb879322d08f9e9061e1123dd58ba3a5ccfbd4999bb1157bac525822aa590", size = 51478, upload-time = "2025-09-07T18:35:37.601Z" }
wheels = [
    { url = "https://files.pythonhosted.org/packages/54/2d/c28b9293975ed9ee05e52f1d316cb402ba6edb232baa0497754a70182ca2/pynvim-0.6.0-py3-none-any.whl", hash = "sha256:29f92ff3fde9e52c263e6bfd7f30345be05bfc7b5c21484da1cc38a8d8e5e98f", size = 47633, upload-time = "2025-09-07T18:35:36.348Z" },
]
